{
    "name": "kequtwitch",
    "version": "0.6.2",
    "lockfileVersion": 1,
    "requires": true,
    "dependencies": {
        "assured": {
            "version": "1.0.15",
            "resolved": "https://registry.npmjs.org/assured/-/assured-1.0.15.tgz",
            "integrity": "sha512-EVb4T+6m5VdlTJ6gbv4WjBM1rHfzXP2BspsQ6VLswcnIQSabjJy7A9YEuG4/KmfF+9OEuT5xhqVJ+V1tClD5ww==",
            "requires": {
                "noop6": "^1.0.1",
                "sliced": "^1.0.1"
            }
        },
        "deffy": {
            "version": "2.2.4",
            "resolved": "https://registry.npmjs.org/deffy/-/deffy-2.2.4.tgz",
            "integrity": "sha512-pLc9lsbsWjr6RxmJ2OLyvm+9l4j1yK69h+TML/gUit/t3vTijpkNGh8LioaJYTGO7F25m6HZndADcUOo2PsiUg==",
            "requires": {
                "typpy": "^2.0.0"
            }
        },
        "follow-redirects": {
            "version": "1.13.0",
            "resolved": "https://registry.npmjs.org/follow-redirects/-/follow-redirects-1.13.0.tgz",
            "integrity": "sha512-aq6gF1BEKje4a9i9+5jimNFIpq4Q1WiwBToeRK5NvZBd/TRsmW8BsJfOEGkr76TbOyPVD3OVDN910EcUNtRYEA=="
        },
        "function.name": {
            "version": "1.0.13",
            "resolved": "https://registry.npmjs.org/function.name/-/function.name-1.0.13.tgz",
            "integrity": "sha512-mVrqdoy5npWZyoXl4DxCeuVF6delDcQjVS9aPdvLYlBxtMTZDR2B5GVEQEoM1jJyspCqg3C0v4ABkLE7tp9xFA==",
            "requires": {
                "noop6": "^1.0.1"
            }
        },
        "noop6": {
            "version": "1.0.9",
            "resolved": "https://registry.npmjs.org/noop6/-/noop6-1.0.9.tgz",
            "integrity": "sha512-DB3Hwyd89dPr5HqEPg3YHjzvwh/mCqizC1zZ8vyofqc+TQRyPDnT4wgXXbLGF4z9YAzwwTLi8pNLhGqcbSjgkA=="
        },
        "sliced": {
            "version": "1.0.1",
            "resolved": "https://registry.npmjs.org/sliced/-/sliced-1.0.1.tgz",
            "integrity": "sha1-CzpmK10Ewxd7GSa+qCsD+Dei70E="
        },
        "tinyreq": {
            "version": "3.4.2",
            "resolved": "https://registry.npmjs.org/tinyreq/-/tinyreq-3.4.2.tgz",
            "integrity": "sha512-VHl9n2w2t1HD9ftvbmYMA99g/yeioIRhpxT5cazb/jo2Vld5ZtPEVW4PhBFgNXjdL2ch8j6z0cawDCF7eIFZsQ==",
            "requires": {
                "assured": "^1.0.12",
                "follow-redirects": "^1.4.1",
                "noop6": "^1.0.7",
                "ul": "^5.2.13"
            }
        },
        "typpy": {
            "version": "2.3.12",
            "resolved": "https://registry.npmjs.org/typpy/-/typpy-2.3.12.tgz",
            "integrity": "sha512-VginyZYxadNyFnB763lvFGNUqsIRtJt2V33pLfdnjRreObbKaxexUC+39EVb3MavWU9ggekvT1ojEU0kvtumfA==",
            "requires": {
                "function.name": "^1.0.3"
            }
        },
        "ul": {
            "version": "5.2.15",
            "resolved": "https://registry.npmjs.org/ul/-/ul-5.2.15.tgz",
            "integrity": "sha512-svLEUy8xSCip5IWnsRa0UOg+2zP0Wsj4qlbjTmX6GJSmvKMHADBuHOm1dpNkWqWPIGuVSqzUkV3Cris5JrlTRQ==",
            "requires": {
                "deffy": "^2.2.2",
                "typpy": "^2.3.4"
            }
        },
        "ws": {
            "version": "7.3.1",
            "resolved": "https://registry.npmjs.org/ws/-/ws-7.3.1.tgz",
            "integrity": "sha512-D3RuNkynyHmEJIpD2qrgVkc9DQ23OrN/moAwZX4L8DfvszsJxpjQuUq3LMx6HoYji9fbIOBY18XWBsAux1ZZUA=="
        }
    }
}
